{
  "requires": true,
  "lockfileVersion": 1,
  "dependencies": {
    "lightgallery": {
      "version": "2.7.1",
      "resolved": "https://registry.npmjs.org/lightgallery/-/lightgallery-2.7.1.tgz",
      "integrity": "sha512-NbXOzD2APY1OhOOn464jDsBZBaCRahUoLvBxhDFxvwJeC8hCkCIPYSjGgGTYINxVK09DKMsNDJzRr1ngH5nDdg=="
    }
  }
}
